
Microsoft Visual Studio Solution File, Format Version 12.00
# Visual Studio Version 17
VisualStudioVersion = 17.11.35327.3
MinimumVisualStudioVersion = 10.0.40219.1
Project("{2150E333-8FDC-42A3-9474-1A3956D46DE8}") = "BuildingBlocks", "BuildingBlocks", "{7696D196-AE07-4C60-8D7F-30400961384D}"
EndProject
Project("{9A19103F-16F7-4668-BE54-9A1E7A4F7556}") = "BuildingBlocks", "BuildingBlocks\BuildingBlocks\BuildingBlocks.csproj", "{FA734AB9-5630-40C6-83C3-F8E7F89C290C}"
EndProject
Project("{2150E333-8FDC-42A3-9474-1A3956D46DE8}") = "Services", "Services", "{A947D912-1371-4E7E-80DB-73631D97D631}"
EndProject
Project("{2150E333-8FDC-42A3-9474-1A3956D46DE8}") = "Catalog", "Catalog", "{D6C9E459-C4DC-4AAF-B8CC-46552ECF1E89}"
EndProject
Project("{9A19103F-16F7-4668-BE54-9A1E7A4F7556}") = "Catalog.API", "Services\Catalog\Catalog.API\Catalog.API.csproj", "{DD443EC2-7106-4189-8937-46CD2E0CC419}"
EndProject
Project("{E53339B2-1760-4266-BCC7-CA923CBCF16C}") = "docker-compose", "docker-compose.dcproj", "{CED064CF-DD59-458A-B99A-09213D37459E}"
EndProject
Project("{2150E333-8FDC-42A3-9474-1A3956D46DE8}") = "Basket", "Basket", "{B3077AD2-8332-44A5-AFC4-936D84333483}"
EndProject
Project("{9A19103F-16F7-4668-BE54-9A1E7A4F7556}") = "Basket.API", "Services\Basket\Basket.API\Basket.API.csproj", "{D627FC0B-1D4F-4B3D-8223-CCA34062C6BF}"
EndProject
Project("{2150E333-8FDC-42A3-9474-1A3956D46DE8}") = "Discount", "Discount", "{9B0B10FE-2799-4CB1-84F6-2011C0E5A0E1}"
EndProject
Project("{9A19103F-16F7-4668-BE54-9A1E7A4F7556}") = "Discount.Grpc", "Services\Discount\Discount.Grpc\Discount.Grpc.csproj", "{AE668EBA-F0CC-49F9-9327-FE953EEAC879}"
EndProject
Project("{2150E333-8FDC-42A3-9474-1A3956D46DE8}") = "Ordering", "Ordering", "{068BD969-62B7-4FAC-9AAB-0C289CADBB94}"
EndProject
Project("{9A19103F-16F7-4668-BE54-9A1E7A4F7556}") = "Ordering.API", "Services\Ordering\Ordering.API\Ordering.API.csproj", "{DF6FAA3C-48F6-43DE-A3C7-AE922D254408}"
EndProject
Project("{FAE04EC0-301F-11D3-BF4B-00C04F79EFBC}") = "Ordering.Domain", "Services\Ordering\Ordering.Domain\Ordering.Domain.csproj", "{209D900F-B372-46FB-9A84-E54F433F49A1}"
EndProject
Project("{FAE04EC0-301F-11D3-BF4B-00C04F79EFBC}") = "Ordering.Application", "Services\Ordering\Ordering.Application\Ordering.Application.csproj", "{4C015940-D30E-4E43-AB2C-5D0825F7C0E3}"
EndProject
Project("{FAE04EC0-301F-11D3-BF4B-00C04F79EFBC}") = "Ordering.Infrastructure", "Services\Ordering\Ordering.Infrastructure\Ordering.Infrastructure.csproj", "{51F9FA72-176D-42DA-9BBB-6B8000044F5E}"
EndProject
Project("{FAE04EC0-301F-11D3-BF4B-00C04F79EFBC}") = "BuildingBlocks.Messaging", "BuildingBlocks\BuildingBlocks.Messaging\BuildingBlocks.Messaging.csproj", "{000E90C9-4F1C-49BA-8136-EE8FCDA93203}"
EndProject
Project("{2150E333-8FDC-42A3-9474-1A3956D46DE8}") = "ApiGateways", "ApiGateways", "{43A40512-BB83-499C-89CF-3369005E28BD}"
EndProject
Project("{FAE04EC0-301F-11D3-BF4B-00C04F79EFBC}") = "YarpApiGateway", "ApiGateways\YarpApiGateway\YarpApiGateway.csproj", "{239AC435-DD59-40FA-93BF-F73921ACA41E}"
EndProject
Global
	GlobalSection(SolutionConfigurationPlatforms) = preSolution
		Debug|Any CPU = Debug|Any CPU
		Release|Any CPU = Release|Any CPU
	EndGlobalSection
	GlobalSection(ProjectConfigurationPlatforms) = postSolution
		{FA734AB9-5630-40C6-83C3-F8E7F89C290C}.Debug|Any CPU.ActiveCfg = Debug|Any CPU
		{FA734AB9-5630-40C6-83C3-F8E7F89C290C}.Debug|Any CPU.Build.0 = Debug|Any CPU
		{FA734AB9-5630-40C6-83C3-F8E7F89C290C}.Release|Any CPU.ActiveCfg = Release|Any CPU
		{FA734AB9-5630-40C6-83C3-F8E7F89C290C}.Release|Any CPU.Build.0 = Release|Any CPU
		{DD443EC2-7106-4189-8937-46CD2E0CC419}.Debug|Any CPU.ActiveCfg = Debug|Any CPU
		{DD443EC2-7106-4189-8937-46CD2E0CC419}.Debug|Any CPU.Build.0 = Debug|Any CPU
		{DD443EC2-7106-4189-8937-46CD2E0CC419}.Release|Any CPU.ActiveCfg = Release|Any CPU
		{DD443EC2-7106-4189-8937-46CD2E0CC419}.Release|Any CPU.Build.0 = Release|Any CPU
		{CED064CF-DD59-458A-B99A-09213D37459E}.Debug|Any CPU.ActiveCfg = Debug|Any CPU
		{CED064CF-DD59-458A-B99A-09213D37459E}.Debug|Any CPU.Build.0 = Debug|Any CPU
		{CED064CF-DD59-458A-B99A-09213D37459E}.Release|Any CPU.ActiveCfg = Release|Any CPU
		{CED064CF-DD59-458A-B99A-09213D37459E}.Release|Any CPU.Build.0 = Release|Any CPU
		{D627FC0B-1D4F-4B3D-8223-CCA34062C6BF}.Debug|Any CPU.ActiveCfg = Debug|Any CPU
		{D627FC0B-1D4F-4B3D-8223-CCA34062C6BF}.Debug|Any CPU.Build.0 = Debug|Any CPU
		{D627FC0B-1D4F-4B3D-8223-CCA34062C6BF}.Release|Any CPU.ActiveCfg = Release|Any CPU
		{D627FC0B-1D4F-4B3D-8223-CCA34062C6BF}.Release|Any CPU.Build.0 = Release|Any CPU
		{AE668EBA-F0CC-49F9-9327-FE953EEAC879}.Debug|Any CPU.ActiveCfg = Debug|Any CPU
		{AE668EBA-F0CC-49F9-9327-FE953EEAC879}.Debug|Any CPU.Build.0 = Debug|Any CPU
		{AE668EBA-F0CC-49F9-9327-FE953EEAC879}.Release|Any CPU.ActiveCfg = Release|Any CPU
		{AE668EBA-F0CC-49F9-9327-FE953EEAC879}.Release|Any CPU.Build.0 = Release|Any CPU
		{DF6FAA3C-48F6-43DE-A3C7-AE922D254408}.Debug|Any CPU.ActiveCfg = Debug|Any CPU
		{DF6FAA3C-48F6-43DE-A3C7-AE922D254408}.Debug|Any CPU.Build.0 = Debug|Any CPU
		{DF6FAA3C-48F6-43DE-A3C7-AE922D254408}.Release|Any CPU.ActiveCfg = Release|Any CPU
		{DF6FAA3C-48F6-43DE-A3C7-AE922D254408}.Release|Any CPU.Build.0 = Release|Any CPU
		{209D900F-B372-46FB-9A84-E54F433F49A1}.Debug|Any CPU.ActiveCfg = Debug|Any CPU
		{209D900F-B372-46FB-9A84-E54F433F49A1}.Debug|Any CPU.Build.0 = Debug|Any CPU
		{209D900F-B372-46FB-9A84-E54F433F49A1}.Release|Any CPU.ActiveCfg = Release|Any CPU
		{209D900F-B372-46FB-9A84-E54F433F49A1}.Release|Any CPU.Build.0 = Release|Any CPU
		{4C015940-D30E-4E43-AB2C-5D0825F7C0E3}.Debug|Any CPU.ActiveCfg = Debug|Any CPU
		{4C015940-D30E-4E43-AB2C-5D0825F7C0E3}.Debug|Any CPU.Build.0 = Debug|Any CPU
		{4C015940-D30E-4E43-AB2C-5D0825F7C0E3}.Release|Any CPU.ActiveCfg = Release|Any CPU
		{4C015940-D30E-4E43-AB2C-5D0825F7C0E3}.Release|Any CPU.Build.0 = Release|Any CPU
		{51F9FA72-176D-42DA-9BBB-6B8000044F5E}.Debug|Any CPU.ActiveCfg = Debug|Any CPU
		{51F9FA72-176D-42DA-9BBB-6B8000044F5E}.Debug|Any CPU.Build.0 = Debug|Any CPU
		{51F9FA72-176D-42DA-9BBB-6B8000044F5E}.Release|Any CPU.ActiveCfg = Release|Any CPU
		{51F9FA72-176D-42DA-9BBB-6B8000044F5E}.Release|Any CPU.Build.0 = Release|Any CPU
		{000E90C9-4F1C-49BA-8136-EE8FCDA93203}.Debug|Any CPU.ActiveCfg = Debug|Any CPU
		{000E90C9-4F1C-49BA-8136-EE8FCDA93203}.Debug|Any CPU.Build.0 = Debug|Any CPU
		{000E90C9-4F1C-49BA-8136-EE8FCDA93203}.Release|Any CPU.ActiveCfg = Release|Any CPU
		{000E90C9-4F1C-49BA-8136-EE8FCDA93203}.Release|Any CPU.Build.0 = Release|Any CPU
		{239AC435-DD59-40FA-93BF-F73921ACA41E}.Debug|Any CPU.ActiveCfg = Debug|Any CPU
		{239AC435-DD59-40FA-93BF-F73921ACA41E}.Debug|Any CPU.Build.0 = Debug|Any CPU
		{239AC435-DD59-40FA-93BF-F73921ACA41E}.Release|Any CPU.ActiveCfg = Release|Any CPU
		{239AC435-DD59-40FA-93BF-F73921ACA41E}.Release|Any CPU.Build.0 = Release|Any CPU
	EndGlobalSection
	GlobalSection(SolutionProperties) = preSolution
		HideSolutionNode = FALSE
	EndGlobalSection
	GlobalSection(NestedProjects) = preSolution
		{FA734AB9-5630-40C6-83C3-F8E7F89C290C} = {7696D196-AE07-4C60-8D7F-30400961384D}
		{D6C9E459-C4DC-4AAF-B8CC-46552ECF1E89} = {A947D912-1371-4E7E-80DB-73631D97D631}
		{DD443EC2-7106-4189-8937-46CD2E0CC419} = {D6C9E459-C4DC-4AAF-B8CC-46552ECF1E89}
		{B3077AD2-8332-44A5-AFC4-936D84333483} = {A947D912-1371-4E7E-80DB-73631D97D631}
		{D627FC0B-1D4F-4B3D-8223-CCA34062C6BF} = {B3077AD2-8332-44A5-AFC4-936D84333483}
		{9B0B10FE-2799-4CB1-84F6-2011C0E5A0E1} = {A947D912-1371-4E7E-80DB-73631D97D631}
		{AE668EBA-F0CC-49F9-9327-FE953EEAC879} = {9B0B10FE-2799-4CB1-84F6-2011C0E5A0E1}
		{068BD969-62B7-4FAC-9AAB-0C289CADBB94} = {A947D912-1371-4E7E-80DB-73631D97D631}
		{DF6FAA3C-48F6-43DE-A3C7-AE922D254408} = {068BD969-62B7-4FAC-9AAB-0C289CADBB94}
		{209D900F-B372-46FB-9A84-E54F433F49A1} = {068BD969-62B7-4FAC-9AAB-0C289CADBB94}
		{4C015940-D30E-4E43-AB2C-5D0825F7C0E3} = {068BD969-62B7-4FAC-9AAB-0C289CADBB94}
		{51F9FA72-176D-42DA-9BBB-6B8000044F5E} = {068BD969-62B7-4FAC-9AAB-0C289CADBB94}
		{000E90C9-4F1C-49BA-8136-EE8FCDA93203} = {7696D196-AE07-4C60-8D7F-30400961384D}
		{239AC435-DD59-40FA-93BF-F73921ACA41E} = {43A40512-BB83-499C-89CF-3369005E28BD}
	EndGlobalSection
	GlobalSection(ExtensibilityGlobals) = postSolution
		SolutionGuid = {B4559487-5148-44FD-ABB6-947A4406A828}
	EndGlobalSection
EndGlobal
